
Microsoft Visual Studio Solution File, Format Version 12.00
Project("{2150E333-8FDC-42A3-9474-1A3956D46DE8}") = "Day One", "Day One", "{CDB7EBD9-72DB-45AA-AABF-5B5F4ADEEC5A}"
EndProject
Project("{2150E333-8FDC-42A3-9474-1A3956D46DE8}") = "Day Two", "Day Two", "{3C813B95-2E90-4604-B7B1-736FCE4DDFB3}"
EndProject
Project("{FAE04EC0-301F-11D3-BF4B-00C04F79EFBC}") = "Puzzle One", "Day One\Puzzle One\Puzzle One.csproj", "{4F143A00-33CC-475D-8E67-F6179F588C23}"
EndProject
Project("{FAE04EC0-301F-11D3-BF4B-00C04F79EFBC}") = "Puzzle Two", "Day One\Puzzle Two\Puzzle Two.csproj", "{4E4FEA33-BF66-4627-A75D-A806FA7BB158}"
EndProject
Project("{FAE04EC0-301F-11D3-BF4B-00C04F79EFBC}") = "Puzzle One", "Day Two\Puzzle One\Puzzle One.csproj", "{32464383-C716-4D53-A7BD-1217FAD8D250}"
EndProject
Project("{FAE04EC0-301F-11D3-BF4B-00C04F79EFBC}") = "Puzzle Two", "Day Two\Puzzle Two\Puzzle Two.csproj", "{71F64855-881D-4489-AB07-6A5636D2BDD5}"
EndProject
Project("{FAE04EC0-301F-11D3-BF4B-00C04F79EFBC}") = "Puzzle Logic", "Day Two\Puzzle Logic\Puzzle Logic.csproj", "{20BD9943-E772-48B7-AAE8-9E05F0FF24D9}"
EndProject
Project("{FAE04EC0-301F-11D3-BF4B-00C04F79EFBC}") = "Foundation", "Foundation\Foundation\Foundation.csproj", "{23D5FF3B-8AA8-44BD-8A62-A50BD8B76E93}"
EndProject
Project("{2150E333-8FDC-42A3-9474-1A3956D46DE8}") = "Day Three", "Day Three", "{8330087D-0CFC-4C79-AC78-8D1D69AD8D42}"
EndProject
Project("{FAE04EC0-301F-11D3-BF4B-00C04F79EFBC}") = "Puzzle Logic", "Day Three\Puzzle Logic\Puzzle Logic.csproj", "{8BA45F19-795A-4023-8EC1-9FCE8873A55D}"
EndProject
Project("{FAE04EC0-301F-11D3-BF4B-00C04F79EFBC}") = "Puzzle One", "Day Three\Puzzle One\Puzzle One.csproj", "{06A37519-9D39-41CF-AF20-8270499D4ECE}"
EndProject
Project("{FAE04EC0-301F-11D3-BF4B-00C04F79EFBC}") = "Puzzle Two", "Day Three\Puzzle Two\Puzzle Two.csproj", "{BEE7A9E5-5DE7-4742-890D-3DFFE3371A41}"
EndProject
Project("{2150E333-8FDC-42A3-9474-1A3956D46DE8}") = "Day Four", "Day Four", "{2010820F-F951-4714-8EA4-494021CEC840}"
EndProject
Project("{FAE04EC0-301F-11D3-BF4B-00C04F79EFBC}") = "Puzzle Logic", "Day Four\Puzzle Logic\Puzzle Logic.csproj", "{549E9DBE-29EB-4B50-B60B-962133FF0C35}"
EndProject
Project("{FAE04EC0-301F-11D3-BF4B-00C04F79EFBC}") = "Puzzle One", "Day Four\Puzzle One\Puzzle One.csproj", "{D45071EB-A980-4202-9A6B-19EB53800934}"
EndProject
Project("{FAE04EC0-301F-11D3-BF4B-00C04F79EFBC}") = "Puzzle Two", "Day Four\Puzzle Two\Puzzle Two.csproj", "{618F6671-EB24-481E-9D68-7107E762B14C}"
EndProject
Project("{2150E333-8FDC-42A3-9474-1A3956D46DE8}") = "Day Five", "Day Five", "{D94AA404-1B99-4126-84AE-55AAEAD7BDF9}"
EndProject
Project("{FAE04EC0-301F-11D3-BF4B-00C04F79EFBC}") = "Puzzle Logic", "Day Five\Puzzle Logic\Puzzle Logic.csproj", "{15EADDE2-AEC3-442C-BF9D-E95F43BDF000}"
EndProject
Project("{FAE04EC0-301F-11D3-BF4B-00C04F79EFBC}") = "Puzzle One", "Day Five\Puzzle One\Puzzle One.csproj", "{953F1DA5-C569-4D81-B8B6-6CCEB534408F}"
EndProject
Project("{FAE04EC0-301F-11D3-BF4B-00C04F79EFBC}") = "Puzzle Two", "Day Five\Puzzle Two\Puzzle Two.csproj", "{DA760DE3-6169-43D3-A6DC-F0E847C8BFB1}"
EndProject
Project("{2150E333-8FDC-42A3-9474-1A3956D46DE8}") = "Day Six", "Day Six", "{D18DD478-5DD2-46F6-AB17-A6007D8E5BE5}"
EndProject
Project("{FAE04EC0-301F-11D3-BF4B-00C04F79EFBC}") = "Puzzle Logic", "Day Six\Puzzle Logic\Puzzle Logic.csproj", "{C0A87795-BFCD-4702-8AEC-F171099F846A}"
EndProject
Project("{FAE04EC0-301F-11D3-BF4B-00C04F79EFBC}") = "Puzzle One", "Day Six\Puzzle One\Puzzle One.csproj", "{A69C93D9-F1EE-4BBC-AE29-0A96888FB2F0}"
EndProject
Project("{FAE04EC0-301F-11D3-BF4B-00C04F79EFBC}") = "Puzzle Two", "Day Six\Puzzle Two\Puzzle Two.csproj", "{73B2654C-E4C2-4A15-A9FF-569817C3FC71}"
EndProject
Project("{FAE04EC0-301F-11D3-BF4B-00C04F79EFBC}") = "Emulator", "Emulator\Emulator.csproj", "{91AC0FE6-D7DF-406D-B944-B834EE98FFAE}"
EndProject
Project("{2150E333-8FDC-42A3-9474-1A3956D46DE8}") = "Day Seven", "Day Seven", "{453AA447-A7C3-4F14-86E9-CCB60D656A9D}"
EndProject
Project("{FAE04EC0-301F-11D3-BF4B-00C04F79EFBC}") = "Puzzle Logic", "Puzzle Logic\Puzzle Logic.csproj", "{C951DC94-9E03-47C8-BA76-59D7D2784F24}"
EndProject
Project("{FAE04EC0-301F-11D3-BF4B-00C04F79EFBC}") = "Puzzle One", "Puzzle One\Puzzle One.csproj", "{4811B7E0-FAF1-4B7E-A3CC-CD4F40D85B56}"
EndProject
Project("{FAE04EC0-301F-11D3-BF4B-00C04F79EFBC}") = "Puzzle Two", "Puzzle Two\Puzzle Two.csproj", "{6EB1ABBC-F4DB-48C3-85B4-0EB25C5780C6}"
EndProject
Global
	GlobalSection(SolutionConfigurationPlatforms) = preSolution
		Debug|Any CPU = Debug|Any CPU
		Release|Any CPU = Release|Any CPU
	EndGlobalSection
	GlobalSection(NestedProjects) = preSolution
		{4F143A00-33CC-475D-8E67-F6179F588C23} = {CDB7EBD9-72DB-45AA-AABF-5B5F4ADEEC5A}
		{4E4FEA33-BF66-4627-A75D-A806FA7BB158} = {CDB7EBD9-72DB-45AA-AABF-5B5F4ADEEC5A}
		{32464383-C716-4D53-A7BD-1217FAD8D250} = {3C813B95-2E90-4604-B7B1-736FCE4DDFB3}
		{71F64855-881D-4489-AB07-6A5636D2BDD5} = {3C813B95-2E90-4604-B7B1-736FCE4DDFB3}
		{20BD9943-E772-48B7-AAE8-9E05F0FF24D9} = {3C813B95-2E90-4604-B7B1-736FCE4DDFB3}
		{8BA45F19-795A-4023-8EC1-9FCE8873A55D} = {8330087D-0CFC-4C79-AC78-8D1D69AD8D42}
		{06A37519-9D39-41CF-AF20-8270499D4ECE} = {8330087D-0CFC-4C79-AC78-8D1D69AD8D42}
		{BEE7A9E5-5DE7-4742-890D-3DFFE3371A41} = {8330087D-0CFC-4C79-AC78-8D1D69AD8D42}
		{549E9DBE-29EB-4B50-B60B-962133FF0C35} = {2010820F-F951-4714-8EA4-494021CEC840}
		{D45071EB-A980-4202-9A6B-19EB53800934} = {2010820F-F951-4714-8EA4-494021CEC840}
		{618F6671-EB24-481E-9D68-7107E762B14C} = {2010820F-F951-4714-8EA4-494021CEC840}
		{15EADDE2-AEC3-442C-BF9D-E95F43BDF000} = {D94AA404-1B99-4126-84AE-55AAEAD7BDF9}
		{953F1DA5-C569-4D81-B8B6-6CCEB534408F} = {D94AA404-1B99-4126-84AE-55AAEAD7BDF9}
		{DA760DE3-6169-43D3-A6DC-F0E847C8BFB1} = {D94AA404-1B99-4126-84AE-55AAEAD7BDF9}
		{C0A87795-BFCD-4702-8AEC-F171099F846A} = {D18DD478-5DD2-46F6-AB17-A6007D8E5BE5}
		{A69C93D9-F1EE-4BBC-AE29-0A96888FB2F0} = {D18DD478-5DD2-46F6-AB17-A6007D8E5BE5}
		{73B2654C-E4C2-4A15-A9FF-569817C3FC71} = {D18DD478-5DD2-46F6-AB17-A6007D8E5BE5}
		{C951DC94-9E03-47C8-BA76-59D7D2784F24} = {453AA447-A7C3-4F14-86E9-CCB60D656A9D}
		{4811B7E0-FAF1-4B7E-A3CC-CD4F40D85B56} = {453AA447-A7C3-4F14-86E9-CCB60D656A9D}
		{6EB1ABBC-F4DB-48C3-85B4-0EB25C5780C6} = {453AA447-A7C3-4F14-86E9-CCB60D656A9D}
	EndGlobalSection
	GlobalSection(ProjectConfigurationPlatforms) = postSolution
		{4F143A00-33CC-475D-8E67-F6179F588C23}.Debug|Any CPU.ActiveCfg = Debug|Any CPU
		{4F143A00-33CC-475D-8E67-F6179F588C23}.Debug|Any CPU.Build.0 = Debug|Any CPU
		{4F143A00-33CC-475D-8E67-F6179F588C23}.Release|Any CPU.ActiveCfg = Release|Any CPU
		{4F143A00-33CC-475D-8E67-F6179F588C23}.Release|Any CPU.Build.0 = Release|Any CPU
		{4E4FEA33-BF66-4627-A75D-A806FA7BB158}.Debug|Any CPU.ActiveCfg = Debug|Any CPU
		{4E4FEA33-BF66-4627-A75D-A806FA7BB158}.Debug|Any CPU.Build.0 = Debug|Any CPU
		{4E4FEA33-BF66-4627-A75D-A806FA7BB158}.Release|Any CPU.ActiveCfg = Release|Any CPU
		{4E4FEA33-BF66-4627-A75D-A806FA7BB158}.Release|Any CPU.Build.0 = Release|Any CPU
		{32464383-C716-4D53-A7BD-1217FAD8D250}.Debug|Any CPU.ActiveCfg = Debug|Any CPU
		{32464383-C716-4D53-A7BD-1217FAD8D250}.Debug|Any CPU.Build.0 = Debug|Any CPU
		{32464383-C716-4D53-A7BD-1217FAD8D250}.Release|Any CPU.ActiveCfg = Release|Any CPU
		{32464383-C716-4D53-A7BD-1217FAD8D250}.Release|Any CPU.Build.0 = Release|Any CPU
		{71F64855-881D-4489-AB07-6A5636D2BDD5}.Debug|Any CPU.ActiveCfg = Debug|Any CPU
		{71F64855-881D-4489-AB07-6A5636D2BDD5}.Debug|Any CPU.Build.0 = Debug|Any CPU
		{71F64855-881D-4489-AB07-6A5636D2BDD5}.Release|Any CPU.ActiveCfg = Release|Any CPU
		{71F64855-881D-4489-AB07-6A5636D2BDD5}.Release|Any CPU.Build.0 = Release|Any CPU
		{20BD9943-E772-48B7-AAE8-9E05F0FF24D9}.Debug|Any CPU.ActiveCfg = Debug|Any CPU
		{20BD9943-E772-48B7-AAE8-9E05F0FF24D9}.Debug|Any CPU.Build.0 = Debug|Any CPU
		{20BD9943-E772-48B7-AAE8-9E05F0FF24D9}.Release|Any CPU.ActiveCfg = Release|Any CPU
		{20BD9943-E772-48B7-AAE8-9E05F0FF24D9}.Release|Any CPU.Build.0 = Release|Any CPU
		{23D5FF3B-8AA8-44BD-8A62-A50BD8B76E93}.Debug|Any CPU.ActiveCfg = Debug|Any CPU
		{23D5FF3B-8AA8-44BD-8A62-A50BD8B76E93}.Debug|Any CPU.Build.0 = Debug|Any CPU
		{23D5FF3B-8AA8-44BD-8A62-A50BD8B76E93}.Release|Any CPU.ActiveCfg = Release|Any CPU
		{23D5FF3B-8AA8-44BD-8A62-A50BD8B76E93}.Release|Any CPU.Build.0 = Release|Any CPU
		{8BA45F19-795A-4023-8EC1-9FCE8873A55D}.Debug|Any CPU.ActiveCfg = Debug|Any CPU
		{8BA45F19-795A-4023-8EC1-9FCE8873A55D}.Debug|Any CPU.Build.0 = Debug|Any CPU
		{8BA45F19-795A-4023-8EC1-9FCE8873A55D}.Release|Any CPU.ActiveCfg = Release|Any CPU
		{8BA45F19-795A-4023-8EC1-9FCE8873A55D}.Release|Any CPU.Build.0 = Release|Any CPU
		{06A37519-9D39-41CF-AF20-8270499D4ECE}.Debug|Any CPU.ActiveCfg = Debug|Any CPU
		{06A37519-9D39-41CF-AF20-8270499D4ECE}.Debug|Any CPU.Build.0 = Debug|Any CPU
		{06A37519-9D39-41CF-AF20-8270499D4ECE}.Release|Any CPU.ActiveCfg = Release|Any CPU
		{06A37519-9D39-41CF-AF20-8270499D4ECE}.Release|Any CPU.Build.0 = Release|Any CPU
		{BEE7A9E5-5DE7-4742-890D-3DFFE3371A41}.Debug|Any CPU.ActiveCfg = Debug|Any CPU
		{BEE7A9E5-5DE7-4742-890D-3DFFE3371A41}.Debug|Any CPU.Build.0 = Debug|Any CPU
		{BEE7A9E5-5DE7-4742-890D-3DFFE3371A41}.Release|Any CPU.ActiveCfg = Release|Any CPU
		{BEE7A9E5-5DE7-4742-890D-3DFFE3371A41}.Release|Any CPU.Build.0 = Release|Any CPU
		{549E9DBE-29EB-4B50-B60B-962133FF0C35}.Debug|Any CPU.ActiveCfg = Debug|Any CPU
		{549E9DBE-29EB-4B50-B60B-962133FF0C35}.Debug|Any CPU.Build.0 = Debug|Any CPU
		{549E9DBE-29EB-4B50-B60B-962133FF0C35}.Release|Any CPU.ActiveCfg = Release|Any CPU
		{549E9DBE-29EB-4B50-B60B-962133FF0C35}.Release|Any CPU.Build.0 = Release|Any CPU
		{D45071EB-A980-4202-9A6B-19EB53800934}.Debug|Any CPU.ActiveCfg = Debug|Any CPU
		{D45071EB-A980-4202-9A6B-19EB53800934}.Debug|Any CPU.Build.0 = Debug|Any CPU
		{D45071EB-A980-4202-9A6B-19EB53800934}.Release|Any CPU.ActiveCfg = Release|Any CPU
		{D45071EB-A980-4202-9A6B-19EB53800934}.Release|Any CPU.Build.0 = Release|Any CPU
		{618F6671-EB24-481E-9D68-7107E762B14C}.Debug|Any CPU.ActiveCfg = Debug|Any CPU
		{618F6671-EB24-481E-9D68-7107E762B14C}.Debug|Any CPU.Build.0 = Debug|Any CPU
		{618F6671-EB24-481E-9D68-7107E762B14C}.Release|Any CPU.ActiveCfg = Release|Any CPU
		{618F6671-EB24-481E-9D68-7107E762B14C}.Release|Any CPU.Build.0 = Release|Any CPU
		{15EADDE2-AEC3-442C-BF9D-E95F43BDF000}.Debug|Any CPU.ActiveCfg = Debug|Any CPU
		{15EADDE2-AEC3-442C-BF9D-E95F43BDF000}.Debug|Any CPU.Build.0 = Debug|Any CPU
		{15EADDE2-AEC3-442C-BF9D-E95F43BDF000}.Release|Any CPU.ActiveCfg = Release|Any CPU
		{15EADDE2-AEC3-442C-BF9D-E95F43BDF000}.Release|Any CPU.Build.0 = Release|Any CPU
		{953F1DA5-C569-4D81-B8B6-6CCEB534408F}.Debug|Any CPU.ActiveCfg = Debug|Any CPU
		{953F1DA5-C569-4D81-B8B6-6CCEB534408F}.Debug|Any CPU.Build.0 = Debug|Any CPU
		{953F1DA5-C569-4D81-B8B6-6CCEB534408F}.Release|Any CPU.ActiveCfg = Release|Any CPU
		{953F1DA5-C569-4D81-B8B6-6CCEB534408F}.Release|Any CPU.Build.0 = Release|Any CPU
		{DA760DE3-6169-43D3-A6DC-F0E847C8BFB1}.Debug|Any CPU.ActiveCfg = Debug|Any CPU
		{DA760DE3-6169-43D3-A6DC-F0E847C8BFB1}.Debug|Any CPU.Build.0 = Debug|Any CPU
		{DA760DE3-6169-43D3-A6DC-F0E847C8BFB1}.Release|Any CPU.ActiveCfg = Release|Any CPU
		{DA760DE3-6169-43D3-A6DC-F0E847C8BFB1}.Release|Any CPU.Build.0 = Release|Any CPU
		{C0A87795-BFCD-4702-8AEC-F171099F846A}.Debug|Any CPU.ActiveCfg = Debug|Any CPU
		{C0A87795-BFCD-4702-8AEC-F171099F846A}.Debug|Any CPU.Build.0 = Debug|Any CPU
		{C0A87795-BFCD-4702-8AEC-F171099F846A}.Release|Any CPU.ActiveCfg = Release|Any CPU
		{C0A87795-BFCD-4702-8AEC-F171099F846A}.Release|Any CPU.Build.0 = Release|Any CPU
		{A69C93D9-F1EE-4BBC-AE29-0A96888FB2F0}.Debug|Any CPU.ActiveCfg = Debug|Any CPU
		{A69C93D9-F1EE-4BBC-AE29-0A96888FB2F0}.Debug|Any CPU.Build.0 = Debug|Any CPU
		{A69C93D9-F1EE-4BBC-AE29-0A96888FB2F0}.Release|Any CPU.ActiveCfg = Release|Any CPU
		{A69C93D9-F1EE-4BBC-AE29-0A96888FB2F0}.Release|Any CPU.Build.0 = Release|Any CPU
		{73B2654C-E4C2-4A15-A9FF-569817C3FC71}.Debug|Any CPU.ActiveCfg = Debug|Any CPU
		{73B2654C-E4C2-4A15-A9FF-569817C3FC71}.Debug|Any CPU.Build.0 = Debug|Any CPU
		{73B2654C-E4C2-4A15-A9FF-569817C3FC71}.Release|Any CPU.ActiveCfg = Release|Any CPU
		{73B2654C-E4C2-4A15-A9FF-569817C3FC71}.Release|Any CPU.Build.0 = Release|Any CPU
		{91AC0FE6-D7DF-406D-B944-B834EE98FFAE}.Debug|Any CPU.ActiveCfg = Debug|Any CPU
		{91AC0FE6-D7DF-406D-B944-B834EE98FFAE}.Debug|Any CPU.Build.0 = Debug|Any CPU
		{91AC0FE6-D7DF-406D-B944-B834EE98FFAE}.Release|Any CPU.ActiveCfg = Release|Any CPU
		{91AC0FE6-D7DF-406D-B944-B834EE98FFAE}.Release|Any CPU.Build.0 = Release|Any CPU
		{C951DC94-9E03-47C8-BA76-59D7D2784F24}.Debug|Any CPU.ActiveCfg = Debug|Any CPU
		{C951DC94-9E03-47C8-BA76-59D7D2784F24}.Debug|Any CPU.Build.0 = Debug|Any CPU
		{C951DC94-9E03-47C8-BA76-59D7D2784F24}.Release|Any CPU.ActiveCfg = Release|Any CPU
		{C951DC94-9E03-47C8-BA76-59D7D2784F24}.Release|Any CPU.Build.0 = Release|Any CPU
		{4811B7E0-FAF1-4B7E-A3CC-CD4F40D85B56}.Debug|Any CPU.ActiveCfg = Debug|Any CPU
		{4811B7E0-FAF1-4B7E-A3CC-CD4F40D85B56}.Debug|Any CPU.Build.0 = Debug|Any CPU
		{4811B7E0-FAF1-4B7E-A3CC-CD4F40D85B56}.Release|Any CPU.ActiveCfg = Release|Any CPU
		{4811B7E0-FAF1-4B7E-A3CC-CD4F40D85B56}.Release|Any CPU.Build.0 = Release|Any CPU
		{6EB1ABBC-F4DB-48C3-85B4-0EB25C5780C6}.Debug|Any CPU.ActiveCfg = Debug|Any CPU
		{6EB1ABBC-F4DB-48C3-85B4-0EB25C5780C6}.Debug|Any CPU.Build.0 = Debug|Any CPU
		{6EB1ABBC-F4DB-48C3-85B4-0EB25C5780C6}.Release|Any CPU.ActiveCfg = Release|Any CPU
		{6EB1ABBC-F4DB-48C3-85B4-0EB25C5780C6}.Release|Any CPU.Build.0 = Release|Any CPU
	EndGlobalSection
EndGlobal
