
Microsoft Visual Studio Solution File, Format Version 12.00
Project("{2150E333-8FDC-42A3-9474-1A3956D46DE8}") = "Day One", "Day One", "{CDB7EBD9-72DB-45AA-AABF-5B5F4ADEEC5A}"
EndProject
Project("{2150E333-8FDC-42A3-9474-1A3956D46DE8}") = "Day Two", "Day Two", "{3C813B95-2E90-4604-B7B1-736FCE4DDFB3}"
EndProject
Project("{FAE04EC0-301F-11D3-BF4B-00C04F79EFBC}") = "Puzzle One", "Day One\Puzzle One\Puzzle One.csproj", "{4F143A00-33CC-475D-8E67-F6179F588C23}"
EndProject
Project("{FAE04EC0-301F-11D3-BF4B-00C04F79EFBC}") = "Puzzle Two", "Day One\Puzzle Two\Puzzle Two.csproj", "{4E4FEA33-BF66-4627-A75D-A806FA7BB158}"
EndProject
Project("{FAE04EC0-301F-11D3-BF4B-00C04F79EFBC}") = "Puzzle One", "Day Two\Puzzle One\Puzzle One.csproj", "{32464383-C716-4D53-A7BD-1217FAD8D250}"
EndProject
Project("{FAE04EC0-301F-11D3-BF4B-00C04F79EFBC}") = "Puzzle Two", "Day Two\Puzzle Two\Puzzle Two.csproj", "{71F64855-881D-4489-AB07-6A5636D2BDD5}"
EndProject
Project("{FAE04EC0-301F-11D3-BF4B-00C04F79EFBC}") = "Puzzle Logic", "Day Two\Puzzle Logic\Puzzle Logic.csproj", "{20BD9943-E772-48B7-AAE8-9E05F0FF24D9}"
EndProject
Project("{FAE04EC0-301F-11D3-BF4B-00C04F79EFBC}") = "Foundation", "Foundation\Foundation\Foundation.csproj", "{23D5FF3B-8AA8-44BD-8A62-A50BD8B76E93}"
EndProject
Global
	GlobalSection(SolutionConfigurationPlatforms) = preSolution
		Debug|Any CPU = Debug|Any CPU
		Release|Any CPU = Release|Any CPU
	EndGlobalSection
	GlobalSection(NestedProjects) = preSolution
		{4F143A00-33CC-475D-8E67-F6179F588C23} = {CDB7EBD9-72DB-45AA-AABF-5B5F4ADEEC5A}
		{4E4FEA33-BF66-4627-A75D-A806FA7BB158} = {CDB7EBD9-72DB-45AA-AABF-5B5F4ADEEC5A}
		{32464383-C716-4D53-A7BD-1217FAD8D250} = {3C813B95-2E90-4604-B7B1-736FCE4DDFB3}
		{71F64855-881D-4489-AB07-6A5636D2BDD5} = {3C813B95-2E90-4604-B7B1-736FCE4DDFB3}
		{20BD9943-E772-48B7-AAE8-9E05F0FF24D9} = {3C813B95-2E90-4604-B7B1-736FCE4DDFB3}
	EndGlobalSection
	GlobalSection(ProjectConfigurationPlatforms) = postSolution
		{4F143A00-33CC-475D-8E67-F6179F588C23}.Debug|Any CPU.ActiveCfg = Debug|Any CPU
		{4F143A00-33CC-475D-8E67-F6179F588C23}.Debug|Any CPU.Build.0 = Debug|Any CPU
		{4F143A00-33CC-475D-8E67-F6179F588C23}.Release|Any CPU.ActiveCfg = Release|Any CPU
		{4F143A00-33CC-475D-8E67-F6179F588C23}.Release|Any CPU.Build.0 = Release|Any CPU
		{4E4FEA33-BF66-4627-A75D-A806FA7BB158}.Debug|Any CPU.ActiveCfg = Debug|Any CPU
		{4E4FEA33-BF66-4627-A75D-A806FA7BB158}.Debug|Any CPU.Build.0 = Debug|Any CPU
		{4E4FEA33-BF66-4627-A75D-A806FA7BB158}.Release|Any CPU.ActiveCfg = Release|Any CPU
		{4E4FEA33-BF66-4627-A75D-A806FA7BB158}.Release|Any CPU.Build.0 = Release|Any CPU
		{32464383-C716-4D53-A7BD-1217FAD8D250}.Debug|Any CPU.ActiveCfg = Debug|Any CPU
		{32464383-C716-4D53-A7BD-1217FAD8D250}.Debug|Any CPU.Build.0 = Debug|Any CPU
		{32464383-C716-4D53-A7BD-1217FAD8D250}.Release|Any CPU.ActiveCfg = Release|Any CPU
		{32464383-C716-4D53-A7BD-1217FAD8D250}.Release|Any CPU.Build.0 = Release|Any CPU
		{71F64855-881D-4489-AB07-6A5636D2BDD5}.Debug|Any CPU.ActiveCfg = Debug|Any CPU
		{71F64855-881D-4489-AB07-6A5636D2BDD5}.Debug|Any CPU.Build.0 = Debug|Any CPU
		{71F64855-881D-4489-AB07-6A5636D2BDD5}.Release|Any CPU.ActiveCfg = Release|Any CPU
		{71F64855-881D-4489-AB07-6A5636D2BDD5}.Release|Any CPU.Build.0 = Release|Any CPU
		{20BD9943-E772-48B7-AAE8-9E05F0FF24D9}.Debug|Any CPU.ActiveCfg = Debug|Any CPU
		{20BD9943-E772-48B7-AAE8-9E05F0FF24D9}.Debug|Any CPU.Build.0 = Debug|Any CPU
		{20BD9943-E772-48B7-AAE8-9E05F0FF24D9}.Release|Any CPU.ActiveCfg = Release|Any CPU
		{20BD9943-E772-48B7-AAE8-9E05F0FF24D9}.Release|Any CPU.Build.0 = Release|Any CPU
		{23D5FF3B-8AA8-44BD-8A62-A50BD8B76E93}.Debug|Any CPU.ActiveCfg = Debug|Any CPU
		{23D5FF3B-8AA8-44BD-8A62-A50BD8B76E93}.Debug|Any CPU.Build.0 = Debug|Any CPU
		{23D5FF3B-8AA8-44BD-8A62-A50BD8B76E93}.Release|Any CPU.ActiveCfg = Release|Any CPU
		{23D5FF3B-8AA8-44BD-8A62-A50BD8B76E93}.Release|Any CPU.Build.0 = Release|Any CPU
	EndGlobalSection
EndGlobal
